// !$*UTF8*$!
{
	archiveVersion = 1;
	classes = {
	};
	objectVersion = 56;
	objects = {

/* Begin PBXBuildFile section */
		3FF72D392A7B895400655970 /* WebView_LAB17App.swift in Sources */ = {isa = PBXBuildFile; fileRef = 3FF72D382A7B895400655970 /* WebView_LAB17App.swift */; };
		3FF72D3B2A7B895400655970 /* ContentView.swift in Sources */ = {isa = PBXBuildFile; fileRef = 3FF72D3A2A7B895400655970 /* ContentView.swift */; };
		3FF72D3D2A7B895500655970 /* Assets.xcassets in Resources */ = {isa = PBXBuildFile; fileRef = 3FF72D3C2A7B895500655970 /* Assets.xcassets */; };
		3FF72D402A7B895500655970 /* Preview Assets.xcassets in Resources */ = {isa = PBXBuildFile; fileRef = 3FF72D3F2A7B895500655970 /* Preview Assets.xcassets */; };
		3FF72D472A7B8B9A00655970 /* Data.swift in Sources */ = {isa = PBXBuildFile; fileRef = 3FF72D462A7B8B9A00655970 /* Data.swift */; };
		3FF72D492A7B8DFC00655970 /* WebView.swift in Sources */ = {isa = PBXBuildFile; fileRef = 3FF72D482A7B8DFC00655970 /* WebView.swift */; };
		3FF72D4B2A7B90E700655970 /* AddWebView.swift in Sources */ = {isa = PBXBuildFile; fileRef = 3FF72D4A2A7B90E700655970 /* AddWebView.swift */; };
		3FF72D4D2A7B966700655970 /* DataStore.swift in Sources */ = {isa = PBXBuildFile; fileRef = 3FF72D4C2A7B966700655970 /* DataStore.swift */; };
		3FF72D4F2A7B9CDB00655970 /* SafariView.swift in Sources */ = {isa = PBXBuildFile; fileRef = 3FF72D4E2A7B9CDB00655970 /* SafariView.swift */; };
/* End PBXBuildFile section */

/* Begin PBXFileReference section */
		3FF72D352A7B895400655970 /* WebView_LAB17.app */ = {isa = PBXFileReference; explicitFileType = wrapper.application; includeInIndex = 0; path = WebView_LAB17.app; sourceTree = BUILT_PRODUCTS_DIR; };
		3FF72D382A7B895400655970 /* WebView_LAB17App.swift */ = {isa = PBXFileReference; lastKnownFileType = sourcecode.swift; path = WebView_LAB17App.swift; sourceTree = "<group>"; };
		3FF72D3A2A7B895400655970 /* ContentView.swift */ = {isa = PBXFileReference; lastKnownFileType = sourcecode.swift; path = ContentView.swift; sourceTree = "<group>"; };
		3FF72D3C2A7B895500655970 /* Assets.xcassets */ = {isa = PBXFileReference; lastKnownFileType = folder.assetcatalog; path = Assets.xcassets; sourceTree = "<group>"; };
		3FF72D3F2A7B895500655970 /* Preview Assets.xcassets */ = {isa = PBXFileReference; lastKnownFileType = folder.assetcatalog; path = "Preview Assets.xcassets"; sourceTree = "<group>"; };
		3FF72D462A7B8B9A00655970 /* Data.swift */ = {isa = PBXFileReference; lastKnownFileType = sourcecode.swift; path = Data.swift; sourceTree = "<group>"; };
		3FF72D482A7B8DFC00655970 /* WebView.swift */ = {isa = PBXFileReference; lastKnownFileType = sourcecode.swift; path = WebView.swift; sourceTree = "<group>"; };
		3FF72D4A2A7B90E700655970 /* AddWebView.swift */ = {isa = PBXFileReference; lastKnownFileType = sourcecode.swift; path = AddWebView.swift; sourceTree = "<group>"; };
		3FF72D4C2A7B966700655970 /* DataStore.swift */ = {isa = PBXFileReference; lastKnownFileType = sourcecode.swift; path = DataStore.swift; sourceTree = "<group>"; };
		3FF72D4E2A7B9CDB00655970 /* SafariView.swift */ = {isa = PBXFileReference; lastKnownFileType = sourcecode.swift; path = SafariView.swift; sourceTree = "<group>"; };
/* End PBXFileReference section */

/* Begin PBXFrameworksBuildPhase section */
		3FF72D322A7B895400655970 /* Frameworks */ = {
			isa = PBXFrameworksBuildPhase;
			buildActionMask = 2147483647;
			files = (
			);
			runOnlyForDeploymentPostprocessing = 0;
		};
/* End PBXFrameworksBuildPhase section */

/* Begin PBXGroup section */
		3FF72D2C2A7B895400655970 = {
			isa = PBXGroup;
			children = (
				3FF72D372A7B895400655970 /* WebView_LAB17 */,
				3FF72D362A7B895400655970 /* Products */,
			);
			sourceTree = "<group>";
		};
		3FF72D362A7B895400655970 /* Products */ = {
			isa = PBXGroup;
			children = (
				3FF72D352A7B895400655970 /* WebView_LAB17.app */,
			);
			name = Products;
			sourceTree = "<group>";
		};
		3FF72D372A7B895400655970 /* WebView_LAB17 */ = {
			isa = PBXGroup;
			children = (
				3FF72D382A7B895400655970 /* WebView_LAB17App.swift */,
				3FF72D3A2A7B895400655970 /* ContentView.swift */,
				3FF72D462A7B8B9A00655970 /* Data.swift */,
				3FF72D4C2A7B966700655970 /* DataStore.swift */,
				3FF72D4A2A7B90E700655970 /* AddWebView.swift */,
				3FF72D482A7B8DFC00655970 /* WebView.swift */,
				3FF72D4E2A7B9CDB00655970 /* SafariView.swift */,
				3FF72D3C2A7B895500655970 /* Assets.xcassets */,
				3FF72D3E2A7B895500655970 /* Preview Content */,
			);
			path = WebView_LAB17;
			sourceTree = "<group>";
		};
		3FF72D3E2A7B895500655970 /* Preview Content */ = {
			isa = PBXGroup;
			children = (
				3FF72D3F2A7B895500655970 /* Preview Assets.xcassets */,
			);
			path = "Preview Content";
			sourceTree = "<group>";
		};
/* End PBXGroup section */

/* Begin PBXNativeTarget section */
		3FF72D342A7B895400655970 /* WebView_LAB17 */ = {
			isa = PBXNativeTarget;
			buildConfigurationList = 3FF72D432A7B895500655970 /* Build configuration list for PBXNativeTarget "WebView_LAB17" */;
			buildPhases = (
				3FF72D312A7B895400655970 /* Sources */,
				3FF72D322A7B895400655970 /* Frameworks */,
				3FF72D332A7B895400655970 /* Resources */,
			);
			buildRules = (
			);
			dependencies = (
			);
			name = WebView_LAB17;
			productName = WebView_LAB17;
			productReference = 3FF72D352A7B895400655970 /* WebView_LAB17.app */;
			productType = "com.apple.product-type.application";
		};
/* End PBXNativeTarget section */

/* Begin PBXProject section */
		3FF72D2D2A7B895400655970 /* Project object */ = {
			isa = PBXProject;
			attributes = {
				BuildIndependentTargetsInParallel = 1;
				LastSwiftUpdateCheck = 1430;
				LastUpgradeCheck = 1430;
				TargetAttributes = {
					3FF72D342A7B895400655970 = {
						CreatedOnToolsVersion = 14.3.1;
					};
				};
			};
			buildConfigurationList = 3FF72D302A7B895400655970 /* Build configuration list for PBXProject "WebView_LAB17" */;
			compatibilityVersion = "Xcode 14.0";
			developmentRegion = en;
			hasScannedForEncodings = 0;
			knownRegions = (
				en,
				Base,
			);
			mainGroup = 3FF72D2C2A7B895400655970;
			productRefGroup = 3FF72D362A7B895400655970 /* Products */;
			projectDirPath = "";
			projectRoot = "";
			targets = (
				3FF72D342A7B895400655970 /* WebView_LAB17 */,
			);
		};
/* End PBXProject section */

/* Begin PBXResourcesBuildPhase section */
		3FF72D332A7B895400655970 /* Resources */ = {
			isa = PBXResourcesBuildPhase;
			buildActionMask = 2147483647;
			files = (
				3FF72D402A7B895500655970 /* Preview Assets.xcassets in Resources */,
				3FF72D3D2A7B895500655970 /* Assets.xcassets in Resources */,
			);
			runOnlyForDeploymentPostprocessing = 0;
		};
/* End PBXResourcesBuildPhase section */

/* Begin PBXSourcesBuildPhase section */
		3FF72D312A7B895400655970 /* Sources */ = {
			isa = PBXSourcesBuildPhase;
			buildActionMask = 2147483647;
			files = (
				3FF72D3B2A7B895400655970 /* ContentView.swift in Sources */,
				3FF72D4D2A7B966700655970 /* DataStore.swift in Sources */,
				3FF72D492A7B8DFC00655970 /* WebView.swift in Sources */,
				3FF72D472A7B8B9A00655970 /* Data.swift in Sources */,
				3FF72D4B2A7B90E700655970 /* AddWebView.swift in Sources */,
				3FF72D392A7B895400655970 /* WebView_LAB17App.swift in Sources */,
				3FF72D4F2A7B9CDB00655970 /* SafariView.swift in Sources */,
			);
			runOnlyForDeploymentPostprocessing = 0;
		};
/* End PBXSourcesBuildPhase section */

/* Begin XCBuildConfiguration section */
		3FF72D412A7B895500655970 /* Debug */ = {
			isa = XCBuildConfiguration;
			buildSettings = {
				ALWAYS_SEARCH_USER_PATHS = NO;
				CLANG_ANALYZER_NONNULL = YES;
				CLANG_ANALYZER_NUMBER_OBJECT_CONVERSION = YES_AGGRESSIVE;
				CLANG_CXX_LANGUAGE_STANDARD = "gnu++20";
				CLANG_ENABLE_MODULES = YES;
				CLANG_ENABLE_OBJC_ARC = YES;
				CLANG_ENABLE_OBJC_WEAK = YES;
				CLANG_WARN_BLOCK_CAPTURE_AUTORELEASING = YES;
				CLANG_WARN_BOOL_CONVERSION = YES;
				CLANG_WARN_COMMA = YES;
				CLANG_WARN_CONSTANT_CONVERSION = YES;
				CLANG_WARN_DEPRECATED_OBJC_IMPLEMENTATIONS = YES;
				CLANG_WARN_DIRECT_OBJC_ISA_USAGE = YES_ERROR;
				CLANG_WARN_DOCUMENTATION_COMMENTS = YES;
				CLANG_WARN_EMPTY_BODY = YES;
				CLANG_WARN_ENUM_CONVERSION = YES;
				CLANG_WARN_INFINITE_RECURSION = YES;
				CLANG_WARN_INT_CONVERSION = YES;
				CLANG_WARN_NON_LITERAL_NULL_CONVERSION = YES;
				CLANG_WARN_OBJC_IMPLICIT_RETAIN_SELF = YES;
				CLANG_WARN_OBJC_LITERAL_CONVERSION = YES;
				CLANG_WARN_OBJC_ROOT_CLASS = YES_ERROR;
				CLANG_WARN_QUOTED_INCLUDE_IN_FRAMEWORK_HEADER = YES;
				CLANG_WARN_RANGE_LOOP_ANALYSIS = YES;
				CLANG_WARN_STRICT_PROTOTYPES = YES;
				CLANG_WARN_SUSPICIOUS_MOVE = YES;
				CLANG_WARN_UNGUARDED_AVAILABILITY = YES_AGGRESSIVE;
				CLANG_WARN_UNREACHABLE_CODE = YES;
				CLANG_WARN__DUPLICATE_METHOD_MATCH = YES;
				COPY_PHASE_STRIP = NO;
				DEBUG_INFORMATION_FORMAT = dwarf;
				ENABLE_STRICT_OBJC_MSGSEND = YES;
				ENABLE_TESTABILITY = YES;
				GCC_C_LANGUAGE_STANDARD = gnu11;
				GCC_DYNAMIC_NO_PIC = NO;
				GCC_NO_COMMON_BLOCKS = YES;
				GCC_OPTIMIZATION_LEVEL = 0;
				GCC_PREPROCESSOR_DEFINITIONS = (
					"DEBUG=1",
					"$(inherited)",
				);
				GCC_WARN_64_TO_32_BIT_CONVERSION = YES;
				GCC_WARN_ABOUT_RETURN_TYPE = YES_ERROR;
				GCC_WARN_UNDECLARED_SELECTOR = YES;
				GCC_WARN_UNINITIALIZED_AUTOS = YES_AGGRESSIVE;
				GCC_WARN_UNUSED_FUNCTION = YES;
				GCC_WARN_UNUSED_VARIABLE = YES;
				IPHONEOS_DEPLOYMENT_TARGET = 16.4;
				MTL_ENABLE_DEBUG_INFO = INCLUDE_SOURCE;
				MTL_FAST_MATH = YES;
				ONLY_ACTIVE_ARCH = YES;
				SDKROOT = iphoneos;
				SWIFT_ACTIVE_COMPILATION_CONDITIONS = DEBUG;
				SWIFT_OPTIMIZATION_LEVEL = "-Onone";
			};
			name = Debug;
		};
		3FF72D422A7B895500655970 /* Release */ = {
			isa = XCBuildConfiguration;
			buildSettings = {
				ALWAYS_SEARCH_USER_PATHS = NO;
				CLANG_ANALYZER_NONNULL = YES;
				CLANG_ANALYZER_NUMBER_OBJECT_CONVERSION = YES_AGGRESSIVE;
				CLANG_CXX_LANGUAGE_STANDARD = "gnu++20";
				CLANG_ENABLE_MODULES = YES;
				CLANG_ENABLE_OBJC_ARC = YES;
				CLANG_ENABLE_OBJC_WEAK = YES;
				CLANG_WARN_BLOCK_CAPTURE_AUTORELEASING = YES;
				CLANG_WARN_BOOL_CONVERSION = YES;
				CLANG_WARN_COMMA = YES;
				CLANG_WARN_CONSTANT_CONVERSION = YES;
				CLANG_WARN_DEPRECATED_OBJC_IMPLEMENTATIONS = YES;
				CLANG_WARN_DIRECT_OBJC_ISA_USAGE = YES_ERROR;
				CLANG_WARN_DOCUMENTATION_COMMENTS = YES;
				CLANG_WARN_EMPTY_BODY = YES;
				CLANG_WARN_ENUM_CONVERSION = YES;
				CLANG_WARN_INFINITE_RECURSION = YES;
				CLANG_WARN_INT_CONVERSION = YES;
				CLANG_WARN_NON_LITERAL_NULL_CONVERSION = YES;
				CLANG_WARN_OBJC_IMPLICIT_RETAIN_SELF = YES;
				CLANG_WARN_OBJC_LITERAL_CONVERSION = YES;
				CLANG_WARN_OBJC_ROOT_CLASS = YES_ERROR;
				CLANG_WARN_QUOTED_INCLUDE_IN_FRAMEWORK_HEADER = YES;
				CLANG_WARN_RANGE_LOOP_ANALYSIS = YES;
				CLANG_WARN_STRICT_PROTOTYPES = YES;
				CLANG_WARN_SUSPICIOUS_MOVE = YES;
				CLANG_WARN_UNGUARDED_AVAILABILITY = YES_AGGRESSIVE;
				CLANG_WARN_UNREACHABLE_CODE = YES;
				CLANG_WARN__DUPLICATE_METHOD_MATCH = YES;
				COPY_PHASE_STRIP = NO;
				DEBUG_INFORMATION_FORMAT = "dwarf-with-dsym";
				ENABLE_NS_ASSERTIONS = NO;
				ENABLE_STRICT_OBJC_MSGSEND = YES;
				GCC_C_LANGUAGE_STANDARD = gnu11;
				GCC_NO_COMMON_BLOCKS = YES;
				GCC_WARN_64_TO_32_BIT_CONVERSION = YES;
				GCC_WARN_ABOUT_RETURN_TYPE = YES_ERROR;
				GCC_WARN_UNDECLARED_SELECTOR = YES;
				GCC_WARN_UNINITIALIZED_AUTOS = YES_AGGRESSIVE;
				GCC_WARN_UNUSED_FUNCTION = YES;
				GCC_WARN_UNUSED_VARIABLE = YES;
				IPHONEOS_DEPLOYMENT_TARGET = 16.4;
				MTL_ENABLE_DEBUG_INFO = NO;
				MTL_FAST_MATH = YES;
				SDKROOT = iphoneos;
				SWIFT_COMPILATION_MODE = wholemodule;
				SWIFT_OPTIMIZATION_LEVEL = "-O";
				VALIDATE_PRODUCT = YES;
			};
			name = Release;
		};
		3FF72D442A7B895500655970 /* Debug */ = {
			isa = XCBuildConfiguration;
			buildSettings = {
				ASSETCATALOG_COMPILER_APPICON_NAME = AppIcon;
				ASSETCATALOG_COMPILER_GLOBAL_ACCENT_COLOR_NAME = AccentColor;
				CODE_SIGN_STYLE = Automatic;
				CURRENT_PROJECT_VERSION = 1;
				DEVELOPMENT_ASSET_PATHS = "\"WebView_LAB17/Preview Content\"";
				DEVELOPMENT_TEAM = KQR52SK4D7;
				ENABLE_PREVIEWS = YES;
				GENERATE_INFOPLIST_FILE = YES;
				INFOPLIST_KEY_UIApplicationSceneManifest_Generation = YES;
				INFOPLIST_KEY_UIApplicationSupportsIndirectInputEvents = YES;
				INFOPLIST_KEY_UILaunchScreen_Generation = YES;
				INFOPLIST_KEY_UISupportedInterfaceOrientations_iPad = "UIInterfaceOrientationPortrait UIInterfaceOrientationPortraitUpsideDown UIInterfaceOrientationLandscapeLeft UIInterfaceOrientationLandscapeRight";
				INFOPLIST_KEY_UISupportedInterfaceOrientations_iPhone = "UIInterfaceOrientationPortrait UIInterfaceOrientationLandscapeLeft UIInterfaceOrientationLandscapeRight";
				LD_RUNPATH_SEARCH_PATHS = (
					"$(inherited)",
					"@executable_path/Frameworks",
				);
				MARKETING_VERSION = 1.0;
				PRODUCT_BUNDLE_IDENTIFIER = "yuhhoon-jang.WebView-LAB17";
				PRODUCT_NAME = "$(TARGET_NAME)";
				SWIFT_EMIT_LOC_STRINGS = YES;
				SWIFT_VERSION = 5.0;
				TARGETED_DEVICE_FAMILY = "1,2";
			};
			name = Debug;
		};
		3FF72D452A7B895500655970 /* Release */ = {
			isa = XCBuildConfiguration;
			buildSettings = {
				ASSETCATALOG_COMPILER_APPICON_NAME = AppIcon;
				ASSETCATALOG_COMPILER_GLOBAL_ACCENT_COLOR_NAME = AccentColor;
				CODE_SIGN_STYLE = Automatic;
				CURRENT_PROJECT_VERSION = 1;
				DEVELOPMENT_ASSET_PATHS = "\"WebView_LAB17/Preview Content\"";
				DEVELOPMENT_TEAM = KQR52SK4D7;
				ENABLE_PREVIEWS = YES;
				GENERATE_INFOPLIST_FILE = YES;
				INFOPLIST_KEY_UIApplicationSceneManifest_Generation = YES;
				INFOPLIST_KEY_UIApplicationSupportsIndirectInputEvents = YES;
				INFOPLIST_KEY_UILaunchScreen_Generation = YES;
				INFOPLIST_KEY_UISupportedInterfaceOrientations_iPad = "UIInterfaceOrientationPortrait UIInterfaceOrientationPortraitUpsideDown UIInterfaceOrientationLandscapeLeft UIInterfaceOrientationLandscapeRight";
				INFOPLIST_KEY_UISupportedInterfaceOrientations_iPhone = "UIInterfaceOrientationPortrait UIInterfaceOrientationLandscapeLeft UIInterfaceOrientationLandscapeRight";
				LD_RUNPATH_SEARCH_PATHS = (
					"$(inherited)",
					"@executable_path/Frameworks",
				);
				MARKETING_VERSION = 1.0;
				PRODUCT_BUNDLE_IDENTIFIER = "yuhhoon-jang.WebView-LAB17";
				PRODUCT_NAME = "$(TARGET_NAME)";
				SWIFT_EMIT_LOC_STRINGS = YES;
				SWIFT_VERSION = 5.0;
				TARGETED_DEVICE_FAMILY = "1,2";
			};
			name = Release;
		};
/* End XCBuildConfiguration section */

/* Begin XCConfigurationList section */
		3FF72D302A7B895400655970 /* Build configuration list for PBXProject "WebView_LAB17" */ = {
			isa = XCConfigurationList;
			buildConfigurations = (
				3FF72D412A7B895500655970 /* Debug */,
				3FF72D422A7B895500655970 /* Release */,
			);
			defaultConfigurationIsVisible = 0;
			defaultConfigurationName = Release;
		};
		3FF72D432A7B895500655970 /* Build configuration list for PBXNativeTarget "WebView_LAB17" */ = {
			isa = XCConfigurationList;
			buildConfigurations = (
				3FF72D442A7B895500655970 /* Debug */,
				3FF72D452A7B895500655970 /* Release */,
			);
			defaultConfigurationIsVisible = 0;
			defaultConfigurationName = Release;
		};
/* End XCConfigurationList section */
	};
	rootObject = 3FF72D2D2A7B895400655970 /* Project object */;
}
