// !$*UTF8*$!
{
	archiveVersion = 1;
	classes = {
	};
	objectVersion = 56;
	objects = {

/* Begin PBXBuildFile section */
		43C16FEF2A4D48D900B21560 /* currencyRateCalApp.swift in Sources */ = {isa = PBXBuildFile; fileRef = 43C16FEE2A4D48D900B21560 /* currencyRateCalApp.swift */; };
		43C16FF12A4D48DA00B21560 /* ContentView.swift in Sources */ = {isa = PBXBuildFile; fileRef = 43C16FF02A4D48D900B21560 /* ContentView.swift */; };
		43C16FF32A4D48DA00B21560 /* Assets.xcassets in Resources */ = {isa = PBXBuildFile; fileRef = 43C16FF22A4D48DA00B21560 /* Assets.xcassets */; };
		43C16FF62A4D48DA00B21560 /* Preview Assets.xcassets in Resources */ = {isa = PBXBuildFile; fileRef = 43C16FF52A4D48DA00B21560 /* Preview Assets.xcassets */; };
		43C16FFD2A4D4C4100B21560 /* buttonView.swift in Sources */ = {isa = PBXBuildFile; fileRef = 43C16FFC2A4D4C4100B21560 /* buttonView.swift */; };
		43C16FFF2A4D50D700B21560 /* detailView.swift in Sources */ = {isa = PBXBuildFile; fileRef = 43C16FFE2A4D50D700B21560 /* detailView.swift */; };
		43C170012A4D5BAB00B21560 /* currencyRate.swift in Sources */ = {isa = PBXBuildFile; fileRef = 43C170002A4D5BAB00B21560 /* currencyRate.swift */; };
/* End PBXBuildFile section */

/* Begin PBXFileReference section */
		43C16FEB2A4D48D900B21560 /* currencyRateCal.app */ = {isa = PBXFileReference; explicitFileType = wrapper.application; includeInIndex = 0; path = currencyRateCal.app; sourceTree = BUILT_PRODUCTS_DIR; };
		43C16FEE2A4D48D900B21560 /* currencyRateCalApp.swift */ = {isa = PBXFileReference; lastKnownFileType = sourcecode.swift; path = currencyRateCalApp.swift; sourceTree = "<group>"; };
		43C16FF02A4D48D900B21560 /* ContentView.swift */ = {isa = PBXFileReference; lastKnownFileType = sourcecode.swift; path = ContentView.swift; sourceTree = "<group>"; };
		43C16FF22A4D48DA00B21560 /* Assets.xcassets */ = {isa = PBXFileReference; lastKnownFileType = folder.assetcatalog; path = Assets.xcassets; sourceTree = "<group>"; };
		43C16FF52A4D48DA00B21560 /* Preview Assets.xcassets */ = {isa = PBXFileReference; lastKnownFileType = folder.assetcatalog; path = "Preview Assets.xcassets"; sourceTree = "<group>"; };
		43C16FFC2A4D4C4100B21560 /* buttonView.swift */ = {isa = PBXFileReference; lastKnownFileType = sourcecode.swift; path = buttonView.swift; sourceTree = "<group>"; };
		43C16FFE2A4D50D700B21560 /* detailView.swift */ = {isa = PBXFileReference; lastKnownFileType = sourcecode.swift; path = detailView.swift; sourceTree = "<group>"; };
		43C170002A4D5BAB00B21560 /* currencyRate.swift */ = {isa = PBXFileReference; lastKnownFileType = sourcecode.swift; path = currencyRate.swift; sourceTree = "<group>"; };
/* End PBXFileReference section */

/* Begin PBXFrameworksBuildPhase section */
		43C16FE82A4D48D900B21560 /* Frameworks */ = {
			isa = PBXFrameworksBuildPhase;
			buildActionMask = 2147483647;
			files = (
			);
			runOnlyForDeploymentPostprocessing = 0;
		};
/* End PBXFrameworksBuildPhase section */

/* Begin PBXGroup section */
		43C16FE22A4D48D900B21560 = {
			isa = PBXGroup;
			children = (
				43C16FED2A4D48D900B21560 /* currencyRateCal */,
				43C16FEC2A4D48D900B21560 /* Products */,
			);
			sourceTree = "<group>";
		};
		43C16FEC2A4D48D900B21560 /* Products */ = {
			isa = PBXGroup;
			children = (
				43C16FEB2A4D48D900B21560 /* currencyRateCal.app */,
			);
			name = Products;
			sourceTree = "<group>";
		};
		43C16FED2A4D48D900B21560 /* currencyRateCal */ = {
			isa = PBXGroup;
			children = (
				43C16FEE2A4D48D900B21560 /* currencyRateCalApp.swift */,
				43C16FF02A4D48D900B21560 /* ContentView.swift */,
				43C16FFE2A4D50D700B21560 /* detailView.swift */,
				43C16FFC2A4D4C4100B21560 /* buttonView.swift */,
				43C170002A4D5BAB00B21560 /* currencyRate.swift */,
				43C16FF22A4D48DA00B21560 /* Assets.xcassets */,
				43C16FF42A4D48DA00B21560 /* Preview Content */,
			);
			path = currencyRateCal;
			sourceTree = "<group>";
		};
		43C16FF42A4D48DA00B21560 /* Preview Content */ = {
			isa = PBXGroup;
			children = (
				43C16FF52A4D48DA00B21560 /* Preview Assets.xcassets */,
			);
			path = "Preview Content";
			sourceTree = "<group>";
		};
/* End PBXGroup section */

/* Begin PBXNativeTarget section */
		43C16FEA2A4D48D900B21560 /* currencyRateCal */ = {
			isa = PBXNativeTarget;
			buildConfigurationList = 43C16FF92A4D48DA00B21560 /* Build configuration list for PBXNativeTarget "currencyRateCal" */;
			buildPhases = (
				43C16FE72A4D48D900B21560 /* Sources */,
				43C16FE82A4D48D900B21560 /* Frameworks */,
				43C16FE92A4D48D900B21560 /* Resources */,
			);
			buildRules = (
			);
			dependencies = (
			);
			name = currencyRateCal;
			productName = currencyRateCal;
			productReference = 43C16FEB2A4D48D900B21560 /* currencyRateCal.app */;
			productType = "com.apple.product-type.application";
		};
/* End PBXNativeTarget section */

/* Begin PBXProject section */
		43C16FE32A4D48D900B21560 /* Project object */ = {
			isa = PBXProject;
			attributes = {
				BuildIndependentTargetsInParallel = 1;
				LastSwiftUpdateCheck = 1430;
				LastUpgradeCheck = 1430;
				TargetAttributes = {
					43C16FEA2A4D48D900B21560 = {
						CreatedOnToolsVersion = 14.3.1;
					};
				};
			};
			buildConfigurationList = 43C16FE62A4D48D900B21560 /* Build configuration list for PBXProject "currencyRateCal" */;
			compatibilityVersion = "Xcode 14.0";
			developmentRegion = en;
			hasScannedForEncodings = 0;
			knownRegions = (
				en,
				Base,
			);
			mainGroup = 43C16FE22A4D48D900B21560;
			productRefGroup = 43C16FEC2A4D48D900B21560 /* Products */;
			projectDirPath = "";
			projectRoot = "";
			targets = (
				43C16FEA2A4D48D900B21560 /* currencyRateCal */,
			);
		};
/* End PBXProject section */

/* Begin PBXResourcesBuildPhase section */
		43C16FE92A4D48D900B21560 /* Resources */ = {
			isa = PBXResourcesBuildPhase;
			buildActionMask = 2147483647;
			files = (
				43C16FF62A4D48DA00B21560 /* Preview Assets.xcassets in Resources */,
				43C16FF32A4D48DA00B21560 /* Assets.xcassets in Resources */,
			);
			runOnlyForDeploymentPostprocessing = 0;
		};
/* End PBXResourcesBuildPhase section */

/* Begin PBXSourcesBuildPhase section */
		43C16FE72A4D48D900B21560 /* Sources */ = {
			isa = PBXSourcesBuildPhase;
			buildActionMask = 2147483647;
			files = (
				43C170012A4D5BAB00B21560 /* currencyRate.swift in Sources */,
				43C16FFD2A4D4C4100B21560 /* buttonView.swift in Sources */,
				43C16FFF2A4D50D700B21560 /* detailView.swift in Sources */,
				43C16FF12A4D48DA00B21560 /* ContentView.swift in Sources */,
				43C16FEF2A4D48D900B21560 /* currencyRateCalApp.swift in Sources */,
			);
			runOnlyForDeploymentPostprocessing = 0;
		};
/* End PBXSourcesBuildPhase section */

/* Begin XCBuildConfiguration section */
		43C16FF72A4D48DA00B21560 /* Debug */ = {
			isa = XCBuildConfiguration;
			buildSettings = {
				ALWAYS_SEARCH_USER_PATHS = NO;
				CLANG_ANALYZER_NONNULL = YES;
				CLANG_ANALYZER_NUMBER_OBJECT_CONVERSION = YES_AGGRESSIVE;
				CLANG_CXX_LANGUAGE_STANDARD = "gnu++20";
				CLANG_ENABLE_MODULES = YES;
				CLANG_ENABLE_OBJC_ARC = YES;
				CLANG_ENABLE_OBJC_WEAK = YES;
				CLANG_WARN_BLOCK_CAPTURE_AUTORELEASING = YES;
				CLANG_WARN_BOOL_CONVERSION = YES;
				CLANG_WARN_COMMA = YES;
				CLANG_WARN_CONSTANT_CONVERSION = YES;
				CLANG_WARN_DEPRECATED_OBJC_IMPLEMENTATIONS = YES;
				CLANG_WARN_DIRECT_OBJC_ISA_USAGE = YES_ERROR;
				CLANG_WARN_DOCUMENTATION_COMMENTS = YES;
				CLANG_WARN_EMPTY_BODY = YES;
				CLANG_WARN_ENUM_CONVERSION = YES;
				CLANG_WARN_INFINITE_RECURSION = YES;
				CLANG_WARN_INT_CONVERSION = YES;
				CLANG_WARN_NON_LITERAL_NULL_CONVERSION = YES;
				CLANG_WARN_OBJC_IMPLICIT_RETAIN_SELF = YES;
				CLANG_WARN_OBJC_LITERAL_CONVERSION = YES;
				CLANG_WARN_OBJC_ROOT_CLASS = YES_ERROR;
				CLANG_WARN_QUOTED_INCLUDE_IN_FRAMEWORK_HEADER = YES;
				CLANG_WARN_RANGE_LOOP_ANALYSIS = YES;
				CLANG_WARN_STRICT_PROTOTYPES = YES;
				CLANG_WARN_SUSPICIOUS_MOVE = YES;
				CLANG_WARN_UNGUARDED_AVAILABILITY = YES_AGGRESSIVE;
				CLANG_WARN_UNREACHABLE_CODE = YES;
				CLANG_WARN__DUPLICATE_METHOD_MATCH = YES;
				COPY_PHASE_STRIP = NO;
				DEBUG_INFORMATION_FORMAT = dwarf;
				ENABLE_STRICT_OBJC_MSGSEND = YES;
				ENABLE_TESTABILITY = YES;
				GCC_C_LANGUAGE_STANDARD = gnu11;
				GCC_DYNAMIC_NO_PIC = NO;
				GCC_NO_COMMON_BLOCKS = YES;
				GCC_OPTIMIZATION_LEVEL = 0;
				GCC_PREPROCESSOR_DEFINITIONS = (
					"DEBUG=1",
					"$(inherited)",
				);
				GCC_WARN_64_TO_32_BIT_CONVERSION = YES;
				GCC_WARN_ABOUT_RETURN_TYPE = YES_ERROR;
				GCC_WARN_UNDECLARED_SELECTOR = YES;
				GCC_WARN_UNINITIALIZED_AUTOS = YES_AGGRESSIVE;
				GCC_WARN_UNUSED_FUNCTION = YES;
				GCC_WARN_UNUSED_VARIABLE = YES;
				IPHONEOS_DEPLOYMENT_TARGET = 16.4;
				MTL_ENABLE_DEBUG_INFO = INCLUDE_SOURCE;
				MTL_FAST_MATH = YES;
				ONLY_ACTIVE_ARCH = YES;
				SDKROOT = iphoneos;
				SWIFT_ACTIVE_COMPILATION_CONDITIONS = DEBUG;
				SWIFT_OPTIMIZATION_LEVEL = "-Onone";
			};
			name = Debug;
		};
		43C16FF82A4D48DA00B21560 /* Release */ = {
			isa = XCBuildConfiguration;
			buildSettings = {
				ALWAYS_SEARCH_USER_PATHS = NO;
				CLANG_ANALYZER_NONNULL = YES;
				CLANG_ANALYZER_NUMBER_OBJECT_CONVERSION = YES_AGGRESSIVE;
				CLANG_CXX_LANGUAGE_STANDARD = "gnu++20";
				CLANG_ENABLE_MODULES = YES;
				CLANG_ENABLE_OBJC_ARC = YES;
				CLANG_ENABLE_OBJC_WEAK = YES;
				CLANG_WARN_BLOCK_CAPTURE_AUTORELEASING = YES;
				CLANG_WARN_BOOL_CONVERSION = YES;
				CLANG_WARN_COMMA = YES;
				CLANG_WARN_CONSTANT_CONVERSION = YES;
				CLANG_WARN_DEPRECATED_OBJC_IMPLEMENTATIONS = YES;
				CLANG_WARN_DIRECT_OBJC_ISA_USAGE = YES_ERROR;
				CLANG_WARN_DOCUMENTATION_COMMENTS = YES;
				CLANG_WARN_EMPTY_BODY = YES;
				CLANG_WARN_ENUM_CONVERSION = YES;
				CLANG_WARN_INFINITE_RECURSION = YES;
				CLANG_WARN_INT_CONVERSION = YES;
				CLANG_WARN_NON_LITERAL_NULL_CONVERSION = YES;
				CLANG_WARN_OBJC_IMPLICIT_RETAIN_SELF = YES;
				CLANG_WARN_OBJC_LITERAL_CONVERSION = YES;
				CLANG_WARN_OBJC_ROOT_CLASS = YES_ERROR;
				CLANG_WARN_QUOTED_INCLUDE_IN_FRAMEWORK_HEADER = YES;
				CLANG_WARN_RANGE_LOOP_ANALYSIS = YES;
				CLANG_WARN_STRICT_PROTOTYPES = YES;
				CLANG_WARN_SUSPICIOUS_MOVE = YES;
				CLANG_WARN_UNGUARDED_AVAILABILITY = YES_AGGRESSIVE;
				CLANG_WARN_UNREACHABLE_CODE = YES;
				CLANG_WARN__DUPLICATE_METHOD_MATCH = YES;
				COPY_PHASE_STRIP = NO;
				DEBUG_INFORMATION_FORMAT = "dwarf-with-dsym";
				ENABLE_NS_ASSERTIONS = NO;
				ENABLE_STRICT_OBJC_MSGSEND = YES;
				GCC_C_LANGUAGE_STANDARD = gnu11;
				GCC_NO_COMMON_BLOCKS = YES;
				GCC_WARN_64_TO_32_BIT_CONVERSION = YES;
				GCC_WARN_ABOUT_RETURN_TYPE = YES_ERROR;
				GCC_WARN_UNDECLARED_SELECTOR = YES;
				GCC_WARN_UNINITIALIZED_AUTOS = YES_AGGRESSIVE;
				GCC_WARN_UNUSED_FUNCTION = YES;
				GCC_WARN_UNUSED_VARIABLE = YES;
				IPHONEOS_DEPLOYMENT_TARGET = 16.4;
				MTL_ENABLE_DEBUG_INFO = NO;
				MTL_FAST_MATH = YES;
				SDKROOT = iphoneos;
				SWIFT_COMPILATION_MODE = wholemodule;
				SWIFT_OPTIMIZATION_LEVEL = "-O";
				VALIDATE_PRODUCT = YES;
			};
			name = Release;
		};
		43C16FFA2A4D48DA00B21560 /* Debug */ = {
			isa = XCBuildConfiguration;
			buildSettings = {
				ASSETCATALOG_COMPILER_APPICON_NAME = AppIcon;
				ASSETCATALOG_COMPILER_GLOBAL_ACCENT_COLOR_NAME = AccentColor;
				CODE_SIGN_STYLE = Automatic;
				CURRENT_PROJECT_VERSION = 1;
				DEVELOPMENT_ASSET_PATHS = "\"currencyRateCal/Preview Content\"";
				DEVELOPMENT_TEAM = 5P47GT957D;
				ENABLE_PREVIEWS = YES;
				GENERATE_INFOPLIST_FILE = YES;
				INFOPLIST_KEY_UIApplicationSceneManifest_Generation = YES;
				INFOPLIST_KEY_UIApplicationSupportsIndirectInputEvents = YES;
				INFOPLIST_KEY_UILaunchScreen_Generation = YES;
				INFOPLIST_KEY_UISupportedInterfaceOrientations_iPad = "UIInterfaceOrientationPortrait UIInterfaceOrientationPortraitUpsideDown UIInterfaceOrientationLandscapeLeft UIInterfaceOrientationLandscapeRight";
				INFOPLIST_KEY_UISupportedInterfaceOrientations_iPhone = "UIInterfaceOrientationPortrait UIInterfaceOrientationLandscapeLeft UIInterfaceOrientationLandscapeRight";
				LD_RUNPATH_SEARCH_PATHS = (
					"$(inherited)",
					"@executable_path/Frameworks",
				);
				MARKETING_VERSION = 1.0;
				PRODUCT_BUNDLE_IDENTIFIER = none.currencyRateCal;
				PRODUCT_NAME = "$(TARGET_NAME)";
				SWIFT_EMIT_LOC_STRINGS = YES;
				SWIFT_VERSION = 5.0;
				TARGETED_DEVICE_FAMILY = "1,2";
			};
			name = Debug;
		};
		43C16FFB2A4D48DA00B21560 /* Release */ = {
			isa = XCBuildConfiguration;
			buildSettings = {
				ASSETCATALOG_COMPILER_APPICON_NAME = AppIcon;
				ASSETCATALOG_COMPILER_GLOBAL_ACCENT_COLOR_NAME = AccentColor;
				CODE_SIGN_STYLE = Automatic;
				CURRENT_PROJECT_VERSION = 1;
				DEVELOPMENT_ASSET_PATHS = "\"currencyRateCal/Preview Content\"";
				DEVELOPMENT_TEAM = 5P47GT957D;
				ENABLE_PREVIEWS = YES;
				GENERATE_INFOPLIST_FILE = YES;
				INFOPLIST_KEY_UIApplicationSceneManifest_Generation = YES;
				INFOPLIST_KEY_UIApplicationSupportsIndirectInputEvents = YES;
				INFOPLIST_KEY_UILaunchScreen_Generation = YES;
				INFOPLIST_KEY_UISupportedInterfaceOrientations_iPad = "UIInterfaceOrientationPortrait UIInterfaceOrientationPortraitUpsideDown UIInterfaceOrientationLandscapeLeft UIInterfaceOrientationLandscapeRight";
				INFOPLIST_KEY_UISupportedInterfaceOrientations_iPhone = "UIInterfaceOrientationPortrait UIInterfaceOrientationLandscapeLeft UIInterfaceOrientationLandscapeRight";
				LD_RUNPATH_SEARCH_PATHS = (
					"$(inherited)",
					"@executable_path/Frameworks",
				);
				MARKETING_VERSION = 1.0;
				PRODUCT_BUNDLE_IDENTIFIER = none.currencyRateCal;
				PRODUCT_NAME = "$(TARGET_NAME)";
				SWIFT_EMIT_LOC_STRINGS = YES;
				SWIFT_VERSION = 5.0;
				TARGETED_DEVICE_FAMILY = "1,2";
			};
			name = Release;
		};
/* End XCBuildConfiguration section */

/* Begin XCConfigurationList section */
		43C16FE62A4D48D900B21560 /* Build configuration list for PBXProject "currencyRateCal" */ = {
			isa = XCConfigurationList;
			buildConfigurations = (
				43C16FF72A4D48DA00B21560 /* Debug */,
				43C16FF82A4D48DA00B21560 /* Release */,
			);
			defaultConfigurationIsVisible = 0;
			defaultConfigurationName = Release;
		};
		43C16FF92A4D48DA00B21560 /* Build configuration list for PBXNativeTarget "currencyRateCal" */ = {
			isa = XCConfigurationList;
			buildConfigurations = (
				43C16FFA2A4D48DA00B21560 /* Debug */,
				43C16FFB2A4D48DA00B21560 /* Release */,
			);
			defaultConfigurationIsVisible = 0;
			defaultConfigurationName = Release;
		};
/* End XCConfigurationList section */
	};
	rootObject = 43C16FE32A4D48D900B21560 /* Project object */;
}
