// !$*UTF8*$!
{
	archiveVersion = 1;
	classes = {
	};
	objectVersion = 56;
	objects = {

/* Begin PBXBuildFile section */
		BC4D395E2A4EA8B2005DBD3B /* BeerPartyApp.swift in Sources */ = {isa = PBXBuildFile; fileRef = BC4D395D2A4EA8B2005DBD3B /* BeerPartyApp.swift */; };
		BC4D39602A4EA8B2005DBD3B /* ContentView.swift in Sources */ = {isa = PBXBuildFile; fileRef = BC4D395F2A4EA8B2005DBD3B /* ContentView.swift */; };
		BC4D39622A4EA8B4005DBD3B /* Assets.xcassets in Resources */ = {isa = PBXBuildFile; fileRef = BC4D39612A4EA8B4005DBD3B /* Assets.xcassets */; };
		BC4D39652A4EA8B4005DBD3B /* Preview Assets.xcassets in Resources */ = {isa = PBXBuildFile; fileRef = BC4D39642A4EA8B4005DBD3B /* Preview Assets.xcassets */; };
		BC4D396C2A4EAA3D005DBD3B /* BeerData.swift in Sources */ = {isa = PBXBuildFile; fileRef = BC4D396B2A4EAA3D005DBD3B /* BeerData.swift */; };
		BC4D396E2A4EB7FA005DBD3B /* BeerView.swift in Sources */ = {isa = PBXBuildFile; fileRef = BC4D396D2A4EB7FA005DBD3B /* BeerView.swift */; };
		BC4D39702A4EBA9E005DBD3B /* NationsView.swift in Sources */ = {isa = PBXBuildFile; fileRef = BC4D396F2A4EBA9E005DBD3B /* NationsView.swift */; };
		BC4D39722A4EC3A5005DBD3B /* DetailView.swift in Sources */ = {isa = PBXBuildFile; fileRef = BC4D39712A4EC3A5005DBD3B /* DetailView.swift */; };
/* End PBXBuildFile section */

/* Begin PBXFileReference section */
		BC4D395A2A4EA8B2005DBD3B /* BeerParty.app */ = {isa = PBXFileReference; explicitFileType = wrapper.application; includeInIndex = 0; path = BeerParty.app; sourceTree = BUILT_PRODUCTS_DIR; };
		BC4D395D2A4EA8B2005DBD3B /* BeerPartyApp.swift */ = {isa = PBXFileReference; lastKnownFileType = sourcecode.swift; path = BeerPartyApp.swift; sourceTree = "<group>"; };
		BC4D395F2A4EA8B2005DBD3B /* ContentView.swift */ = {isa = PBXFileReference; lastKnownFileType = sourcecode.swift; path = ContentView.swift; sourceTree = "<group>"; };
		BC4D39612A4EA8B4005DBD3B /* Assets.xcassets */ = {isa = PBXFileReference; lastKnownFileType = folder.assetcatalog; path = Assets.xcassets; sourceTree = "<group>"; };
		BC4D39642A4EA8B4005DBD3B /* Preview Assets.xcassets */ = {isa = PBXFileReference; lastKnownFileType = folder.assetcatalog; path = "Preview Assets.xcassets"; sourceTree = "<group>"; };
		BC4D396B2A4EAA3D005DBD3B /* BeerData.swift */ = {isa = PBXFileReference; lastKnownFileType = sourcecode.swift; path = BeerData.swift; sourceTree = "<group>"; };
		BC4D396D2A4EB7FA005DBD3B /* BeerView.swift */ = {isa = PBXFileReference; lastKnownFileType = sourcecode.swift; path = BeerView.swift; sourceTree = "<group>"; };
		BC4D396F2A4EBA9E005DBD3B /* NationsView.swift */ = {isa = PBXFileReference; lastKnownFileType = sourcecode.swift; path = NationsView.swift; sourceTree = "<group>"; };
		BC4D39712A4EC3A5005DBD3B /* DetailView.swift */ = {isa = PBXFileReference; lastKnownFileType = sourcecode.swift; path = DetailView.swift; sourceTree = "<group>"; };
/* End PBXFileReference section */

/* Begin PBXFrameworksBuildPhase section */
		BC4D39572A4EA8B2005DBD3B /* Frameworks */ = {
			isa = PBXFrameworksBuildPhase;
			buildActionMask = 2147483647;
			files = (
			);
			runOnlyForDeploymentPostprocessing = 0;
		};
/* End PBXFrameworksBuildPhase section */

/* Begin PBXGroup section */
		BC4D39512A4EA8B2005DBD3B = {
			isa = PBXGroup;
			children = (
				BC4D395C2A4EA8B2005DBD3B /* BeerParty */,
				BC4D395B2A4EA8B2005DBD3B /* Products */,
			);
			sourceTree = "<group>";
		};
		BC4D395B2A4EA8B2005DBD3B /* Products */ = {
			isa = PBXGroup;
			children = (
				BC4D395A2A4EA8B2005DBD3B /* BeerParty.app */,
			);
			name = Products;
			sourceTree = "<group>";
		};
		BC4D395C2A4EA8B2005DBD3B /* BeerParty */ = {
			isa = PBXGroup;
			children = (
				BC4D395D2A4EA8B2005DBD3B /* BeerPartyApp.swift */,
				BC4D395F2A4EA8B2005DBD3B /* ContentView.swift */,
				BC4D396F2A4EBA9E005DBD3B /* NationsView.swift */,
				BC4D396D2A4EB7FA005DBD3B /* BeerView.swift */,
				BC4D39712A4EC3A5005DBD3B /* DetailView.swift */,
				BC4D396B2A4EAA3D005DBD3B /* BeerData.swift */,
				BC4D39612A4EA8B4005DBD3B /* Assets.xcassets */,
				BC4D39632A4EA8B4005DBD3B /* Preview Content */,
			);
			path = BeerParty;
			sourceTree = "<group>";
		};
		BC4D39632A4EA8B4005DBD3B /* Preview Content */ = {
			isa = PBXGroup;
			children = (
				BC4D39642A4EA8B4005DBD3B /* Preview Assets.xcassets */,
			);
			path = "Preview Content";
			sourceTree = "<group>";
		};
/* End PBXGroup section */

/* Begin PBXNativeTarget section */
		BC4D39592A4EA8B2005DBD3B /* BeerParty */ = {
			isa = PBXNativeTarget;
			buildConfigurationList = BC4D39682A4EA8B4005DBD3B /* Build configuration list for PBXNativeTarget "BeerParty" */;
			buildPhases = (
				BC4D39562A4EA8B2005DBD3B /* Sources */,
				BC4D39572A4EA8B2005DBD3B /* Frameworks */,
				BC4D39582A4EA8B2005DBD3B /* Resources */,
			);
			buildRules = (
			);
			dependencies = (
			);
			name = BeerParty;
			productName = BeerParty;
			productReference = BC4D395A2A4EA8B2005DBD3B /* BeerParty.app */;
			productType = "com.apple.product-type.application";
		};
/* End PBXNativeTarget section */

/* Begin PBXProject section */
		BC4D39522A4EA8B2005DBD3B /* Project object */ = {
			isa = PBXProject;
			attributes = {
				BuildIndependentTargetsInParallel = 1;
				LastSwiftUpdateCheck = 1430;
				LastUpgradeCheck = 1430;
				TargetAttributes = {
					BC4D39592A4EA8B2005DBD3B = {
						CreatedOnToolsVersion = 14.3.1;
					};
				};
			};
			buildConfigurationList = BC4D39552A4EA8B2005DBD3B /* Build configuration list for PBXProject "BeerParty" */;
			compatibilityVersion = "Xcode 14.0";
			developmentRegion = en;
			hasScannedForEncodings = 0;
			knownRegions = (
				en,
				Base,
			);
			mainGroup = BC4D39512A4EA8B2005DBD3B;
			productRefGroup = BC4D395B2A4EA8B2005DBD3B /* Products */;
			projectDirPath = "";
			projectRoot = "";
			targets = (
				BC4D39592A4EA8B2005DBD3B /* BeerParty */,
			);
		};
/* End PBXProject section */

/* Begin PBXResourcesBuildPhase section */
		BC4D39582A4EA8B2005DBD3B /* Resources */ = {
			isa = PBXResourcesBuildPhase;
			buildActionMask = 2147483647;
			files = (
				BC4D39652A4EA8B4005DBD3B /* Preview Assets.xcassets in Resources */,
				BC4D39622A4EA8B4005DBD3B /* Assets.xcassets in Resources */,
			);
			runOnlyForDeploymentPostprocessing = 0;
		};
/* End PBXResourcesBuildPhase section */

/* Begin PBXSourcesBuildPhase section */
		BC4D39562A4EA8B2005DBD3B /* Sources */ = {
			isa = PBXSourcesBuildPhase;
			buildActionMask = 2147483647;
			files = (
				BC4D39602A4EA8B2005DBD3B /* ContentView.swift in Sources */,
				BC4D39722A4EC3A5005DBD3B /* DetailView.swift in Sources */,
				BC4D396C2A4EAA3D005DBD3B /* BeerData.swift in Sources */,
				BC4D395E2A4EA8B2005DBD3B /* BeerPartyApp.swift in Sources */,
				BC4D396E2A4EB7FA005DBD3B /* BeerView.swift in Sources */,
				BC4D39702A4EBA9E005DBD3B /* NationsView.swift in Sources */,
			);
			runOnlyForDeploymentPostprocessing = 0;
		};
/* End PBXSourcesBuildPhase section */

/* Begin XCBuildConfiguration section */
		BC4D39662A4EA8B4005DBD3B /* Debug */ = {
			isa = XCBuildConfiguration;
			buildSettings = {
				ALWAYS_SEARCH_USER_PATHS = NO;
				CLANG_ANALYZER_NONNULL = YES;
				CLANG_ANALYZER_NUMBER_OBJECT_CONVERSION = YES_AGGRESSIVE;
				CLANG_CXX_LANGUAGE_STANDARD = "gnu++20";
				CLANG_ENABLE_MODULES = YES;
				CLANG_ENABLE_OBJC_ARC = YES;
				CLANG_ENABLE_OBJC_WEAK = YES;
				CLANG_WARN_BLOCK_CAPTURE_AUTORELEASING = YES;
				CLANG_WARN_BOOL_CONVERSION = YES;
				CLANG_WARN_COMMA = YES;
				CLANG_WARN_CONSTANT_CONVERSION = YES;
				CLANG_WARN_DEPRECATED_OBJC_IMPLEMENTATIONS = YES;
				CLANG_WARN_DIRECT_OBJC_ISA_USAGE = YES_ERROR;
				CLANG_WARN_DOCUMENTATION_COMMENTS = YES;
				CLANG_WARN_EMPTY_BODY = YES;
				CLANG_WARN_ENUM_CONVERSION = YES;
				CLANG_WARN_INFINITE_RECURSION = YES;
				CLANG_WARN_INT_CONVERSION = YES;
				CLANG_WARN_NON_LITERAL_NULL_CONVERSION = YES;
				CLANG_WARN_OBJC_IMPLICIT_RETAIN_SELF = YES;
				CLANG_WARN_OBJC_LITERAL_CONVERSION = YES;
				CLANG_WARN_OBJC_ROOT_CLASS = YES_ERROR;
				CLANG_WARN_QUOTED_INCLUDE_IN_FRAMEWORK_HEADER = YES;
				CLANG_WARN_RANGE_LOOP_ANALYSIS = YES;
				CLANG_WARN_STRICT_PROTOTYPES = YES;
				CLANG_WARN_SUSPICIOUS_MOVE = YES;
				CLANG_WARN_UNGUARDED_AVAILABILITY = YES_AGGRESSIVE;
				CLANG_WARN_UNREACHABLE_CODE = YES;
				CLANG_WARN__DUPLICATE_METHOD_MATCH = YES;
				COPY_PHASE_STRIP = NO;
				DEBUG_INFORMATION_FORMAT = dwarf;
				ENABLE_STRICT_OBJC_MSGSEND = YES;
				ENABLE_TESTABILITY = YES;
				GCC_C_LANGUAGE_STANDARD = gnu11;
				GCC_DYNAMIC_NO_PIC = NO;
				GCC_NO_COMMON_BLOCKS = YES;
				GCC_OPTIMIZATION_LEVEL = 0;
				GCC_PREPROCESSOR_DEFINITIONS = (
					"DEBUG=1",
					"$(inherited)",
				);
				GCC_WARN_64_TO_32_BIT_CONVERSION = YES;
				GCC_WARN_ABOUT_RETURN_TYPE = YES_ERROR;
				GCC_WARN_UNDECLARED_SELECTOR = YES;
				GCC_WARN_UNINITIALIZED_AUTOS = YES_AGGRESSIVE;
				GCC_WARN_UNUSED_FUNCTION = YES;
				GCC_WARN_UNUSED_VARIABLE = YES;
				IPHONEOS_DEPLOYMENT_TARGET = 16.4;
				MTL_ENABLE_DEBUG_INFO = INCLUDE_SOURCE;
				MTL_FAST_MATH = YES;
				ONLY_ACTIVE_ARCH = YES;
				SDKROOT = iphoneos;
				SWIFT_ACTIVE_COMPILATION_CONDITIONS = DEBUG;
				SWIFT_OPTIMIZATION_LEVEL = "-Onone";
			};
			name = Debug;
		};
		BC4D39672A4EA8B4005DBD3B /* Release */ = {
			isa = XCBuildConfiguration;
			buildSettings = {
				ALWAYS_SEARCH_USER_PATHS = NO;
				CLANG_ANALYZER_NONNULL = YES;
				CLANG_ANALYZER_NUMBER_OBJECT_CONVERSION = YES_AGGRESSIVE;
				CLANG_CXX_LANGUAGE_STANDARD = "gnu++20";
				CLANG_ENABLE_MODULES = YES;
				CLANG_ENABLE_OBJC_ARC = YES;
				CLANG_ENABLE_OBJC_WEAK = YES;
				CLANG_WARN_BLOCK_CAPTURE_AUTORELEASING = YES;
				CLANG_WARN_BOOL_CONVERSION = YES;
				CLANG_WARN_COMMA = YES;
				CLANG_WARN_CONSTANT_CONVERSION = YES;
				CLANG_WARN_DEPRECATED_OBJC_IMPLEMENTATIONS = YES;
				CLANG_WARN_DIRECT_OBJC_ISA_USAGE = YES_ERROR;
				CLANG_WARN_DOCUMENTATION_COMMENTS = YES;
				CLANG_WARN_EMPTY_BODY = YES;
				CLANG_WARN_ENUM_CONVERSION = YES;
				CLANG_WARN_INFINITE_RECURSION = YES;
				CLANG_WARN_INT_CONVERSION = YES;
				CLANG_WARN_NON_LITERAL_NULL_CONVERSION = YES;
				CLANG_WARN_OBJC_IMPLICIT_RETAIN_SELF = YES;
				CLANG_WARN_OBJC_LITERAL_CONVERSION = YES;
				CLANG_WARN_OBJC_ROOT_CLASS = YES_ERROR;
				CLANG_WARN_QUOTED_INCLUDE_IN_FRAMEWORK_HEADER = YES;
				CLANG_WARN_RANGE_LOOP_ANALYSIS = YES;
				CLANG_WARN_STRICT_PROTOTYPES = YES;
				CLANG_WARN_SUSPICIOUS_MOVE = YES;
				CLANG_WARN_UNGUARDED_AVAILABILITY = YES_AGGRESSIVE;
				CLANG_WARN_UNREACHABLE_CODE = YES;
				CLANG_WARN__DUPLICATE_METHOD_MATCH = YES;
				COPY_PHASE_STRIP = NO;
				DEBUG_INFORMATION_FORMAT = "dwarf-with-dsym";
				ENABLE_NS_ASSERTIONS = NO;
				ENABLE_STRICT_OBJC_MSGSEND = YES;
				GCC_C_LANGUAGE_STANDARD = gnu11;
				GCC_NO_COMMON_BLOCKS = YES;
				GCC_WARN_64_TO_32_BIT_CONVERSION = YES;
				GCC_WARN_ABOUT_RETURN_TYPE = YES_ERROR;
				GCC_WARN_UNDECLARED_SELECTOR = YES;
				GCC_WARN_UNINITIALIZED_AUTOS = YES_AGGRESSIVE;
				GCC_WARN_UNUSED_FUNCTION = YES;
				GCC_WARN_UNUSED_VARIABLE = YES;
				IPHONEOS_DEPLOYMENT_TARGET = 16.4;
				MTL_ENABLE_DEBUG_INFO = NO;
				MTL_FAST_MATH = YES;
				SDKROOT = iphoneos;
				SWIFT_COMPILATION_MODE = wholemodule;
				SWIFT_OPTIMIZATION_LEVEL = "-O";
				VALIDATE_PRODUCT = YES;
			};
			name = Release;
		};
		BC4D39692A4EA8B4005DBD3B /* Debug */ = {
			isa = XCBuildConfiguration;
			buildSettings = {
				ASSETCATALOG_COMPILER_APPICON_NAME = AppIcon;
				ASSETCATALOG_COMPILER_GLOBAL_ACCENT_COLOR_NAME = AccentColor;
				CODE_SIGN_STYLE = Automatic;
				CURRENT_PROJECT_VERSION = 1;
				DEVELOPMENT_ASSET_PATHS = "\"BeerParty/Preview Content\"";
				ENABLE_PREVIEWS = YES;
				GENERATE_INFOPLIST_FILE = YES;
				INFOPLIST_KEY_UIApplicationSceneManifest_Generation = YES;
				INFOPLIST_KEY_UIApplicationSupportsIndirectInputEvents = YES;
				INFOPLIST_KEY_UILaunchScreen_Generation = YES;
				INFOPLIST_KEY_UISupportedInterfaceOrientations_iPad = "UIInterfaceOrientationPortrait UIInterfaceOrientationPortraitUpsideDown UIInterfaceOrientationLandscapeLeft UIInterfaceOrientationLandscapeRight";
				INFOPLIST_KEY_UISupportedInterfaceOrientations_iPhone = "UIInterfaceOrientationPortrait UIInterfaceOrientationLandscapeLeft UIInterfaceOrientationLandscapeRight";
				LD_RUNPATH_SEARCH_PATHS = (
					"$(inherited)",
					"@executable_path/Frameworks",
				);
				MARKETING_VERSION = 1.0;
				PRODUCT_BUNDLE_IDENTIFIER = CODELION.BeerParty;
				PRODUCT_NAME = "$(TARGET_NAME)";
				SWIFT_EMIT_LOC_STRINGS = YES;
				SWIFT_VERSION = 5.0;
				TARGETED_DEVICE_FAMILY = "1,2";
			};
			name = Debug;
		};
		BC4D396A2A4EA8B4005DBD3B /* Release */ = {
			isa = XCBuildConfiguration;
			buildSettings = {
				ASSETCATALOG_COMPILER_APPICON_NAME = AppIcon;
				ASSETCATALOG_COMPILER_GLOBAL_ACCENT_COLOR_NAME = AccentColor;
				CODE_SIGN_STYLE = Automatic;
				CURRENT_PROJECT_VERSION = 1;
				DEVELOPMENT_ASSET_PATHS = "\"BeerParty/Preview Content\"";
				ENABLE_PREVIEWS = YES;
				GENERATE_INFOPLIST_FILE = YES;
				INFOPLIST_KEY_UIApplicationSceneManifest_Generation = YES;
				INFOPLIST_KEY_UIApplicationSupportsIndirectInputEvents = YES;
				INFOPLIST_KEY_UILaunchScreen_Generation = YES;
				INFOPLIST_KEY_UISupportedInterfaceOrientations_iPad = "UIInterfaceOrientationPortrait UIInterfaceOrientationPortraitUpsideDown UIInterfaceOrientationLandscapeLeft UIInterfaceOrientationLandscapeRight";
				INFOPLIST_KEY_UISupportedInterfaceOrientations_iPhone = "UIInterfaceOrientationPortrait UIInterfaceOrientationLandscapeLeft UIInterfaceOrientationLandscapeRight";
				LD_RUNPATH_SEARCH_PATHS = (
					"$(inherited)",
					"@executable_path/Frameworks",
				);
				MARKETING_VERSION = 1.0;
				PRODUCT_BUNDLE_IDENTIFIER = CODELION.BeerParty;
				PRODUCT_NAME = "$(TARGET_NAME)";
				SWIFT_EMIT_LOC_STRINGS = YES;
				SWIFT_VERSION = 5.0;
				TARGETED_DEVICE_FAMILY = "1,2";
			};
			name = Release;
		};
/* End XCBuildConfiguration section */

/* Begin XCConfigurationList section */
		BC4D39552A4EA8B2005DBD3B /* Build configuration list for PBXProject "BeerParty" */ = {
			isa = XCConfigurationList;
			buildConfigurations = (
				BC4D39662A4EA8B4005DBD3B /* Debug */,
				BC4D39672A4EA8B4005DBD3B /* Release */,
			);
			defaultConfigurationIsVisible = 0;
			defaultConfigurationName = Release;
		};
		BC4D39682A4EA8B4005DBD3B /* Build configuration list for PBXNativeTarget "BeerParty" */ = {
			isa = XCConfigurationList;
			buildConfigurations = (
				BC4D39692A4EA8B4005DBD3B /* Debug */,
				BC4D396A2A4EA8B4005DBD3B /* Release */,
			);
			defaultConfigurationIsVisible = 0;
			defaultConfigurationName = Release;
		};
/* End XCConfigurationList section */
	};
	rootObject = BC4D39522A4EA8B2005DBD3B /* Project object */;
}
